// !$*UTF8*$!
{
	archiveVersion = 1;
	classes = {
	};
	objectVersion = 56;
	objects = {

/* Begin PBXBuildFile section */
		6F5F526E2A22CDC7006D2631 /* TakerHistoryView.swift in Sources */ = {isa = PBXBuildFile; fileRef = 6F5F526D2A22CDC7006D2631 /* TakerHistoryView.swift */; };
		6F5F52702A22CF76006D2631 /* OnboardingTabsView.swift in Sources */ = {isa = PBXBuildFile; fileRef = 6F5F526F2A22CF76006D2631 /* OnboardingTabsView.swift */; };
		6F5F52722A22D3F9006D2631 /* AuthScreen.swift in Sources */ = {isa = PBXBuildFile; fileRef = 6F5F52712A22D3F9006D2631 /* AuthScreen.swift */; };
		6F5F52742A22FD14006D2631 /* VerifyOTPTakerView.swift in Sources */ = {isa = PBXBuildFile; fileRef = 6F5F52732A22FD14006D2631 /* VerifyOTPTakerView.swift */; };
		6F6366D92A2222BB0005874D /* FoodNetApp.swift in Sources */ = {isa = PBXBuildFile; fileRef = 6F6366D82A2222BB0005874D /* FoodNetApp.swift */; };
		6F6366DB2A2222BB0005874D /* ContentView.swift in Sources */ = {isa = PBXBuildFile; fileRef = 6F6366DA2A2222BB0005874D /* ContentView.swift */; };
		6F6366DD2A2222BC0005874D /* Assets.xcassets in Resources */ = {isa = PBXBuildFile; fileRef = 6F6366DC2A2222BC0005874D /* Assets.xcassets */; };
		6F6366E02A2222BC0005874D /* Preview Assets.xcassets in Resources */ = {isa = PBXBuildFile; fileRef = 6F6366DF2A2222BC0005874D /* Preview Assets.xcassets */; };
		6F6366E92A22248D0005874D /* CreateAccountView.swift in Sources */ = {isa = PBXBuildFile; fileRef = 6F6366E82A22248D0005874D /* CreateAccountView.swift */; };
		6F6366EB2A22249B0005874D /* VerifyOTPView.swift in Sources */ = {isa = PBXBuildFile; fileRef = 6F6366EA2A22249B0005874D /* VerifyOTPView.swift */; };
		6F6366ED2A2226B80005874D /* Helper Views.swift in Sources */ = {isa = PBXBuildFile; fileRef = 6F6366EC2A2226B80005874D /* Helper Views.swift */; };
		6F6366EF2A223C670005874D /* OnboardingView.swift in Sources */ = {isa = PBXBuildFile; fileRef = 6F6366EE2A223C670005874D /* OnboardingView.swift */; };
		6F6366F12A223E6B0005874D /* OnboardingView2.swift in Sources */ = {isa = PBXBuildFile; fileRef = 6F6366F02A223E6B0005874D /* OnboardingView2.swift */; };
		6F6366F42A223F570005874D /* PatronHomeScreen.swift in Sources */ = {isa = PBXBuildFile; fileRef = 6F6366F32A223F570005874D /* PatronHomeScreen.swift */; };
		6F6366F62A2256DE0005874D /* HomeScreen.swift in Sources */ = {isa = PBXBuildFile; fileRef = 6F6366F52A2256DE0005874D /* HomeScreen.swift */; };
		6F6366F82A2256F50005874D /* ProgressView.swift in Sources */ = {isa = PBXBuildFile; fileRef = 6F6366F72A2256F50005874D /* ProgressView.swift */; };
		6F6366FA2A22697E0005874D /* ProgressDetailView.swift in Sources */ = {isa = PBXBuildFile; fileRef = 6F6366F92A22697E0005874D /* ProgressDetailView.swift */; };
		6F6366FC2A226F7A0005874D /* MapView.swift in Sources */ = {isa = PBXBuildFile; fileRef = 6F6366FB2A226F7A0005874D /* MapView.swift */; };
		6F6366FE2A22727D0005874D /* SuccessPageView.swift in Sources */ = {isa = PBXBuildFile; fileRef = 6F6366FD2A22727D0005874D /* SuccessPageView.swift */; };
		6F6367002A228A8B0005874D /* EarthView.swift in Sources */ = {isa = PBXBuildFile; fileRef = 6F6366FF2A228A8B0005874D /* EarthView.swift */; };
		6F6367022A2290330005874D /* TicketDetailView.swift in Sources */ = {isa = PBXBuildFile; fileRef = 6F6367012A2290330005874D /* TicketDetailView.swift */; };
		6F6367062A2298490005874D /* TicketTabView.swift in Sources */ = {isa = PBXBuildFile; fileRef = 6F6367052A2298490005874D /* TicketTabView.swift */; };
		6F6367082A2299DA0005874D /* PastOrdersView.swift in Sources */ = {isa = PBXBuildFile; fileRef = 6F6367072A2299DA0005874D /* PastOrdersView.swift */; };
		6F63670B2A22AEB80005874D /* HomeScreenTakerView.swift in Sources */ = {isa = PBXBuildFile; fileRef = 6F63670A2A22AEB80005874D /* HomeScreenTakerView.swift */; };
		6F63670E2A22B6F70005874D /* ViewModel.swift in Sources */ = {isa = PBXBuildFile; fileRef = 6F63670D2A22B6F70005874D /* ViewModel.swift */; };
		6F6367102A22C4920005874D /* TakerTicket.swift in Sources */ = {isa = PBXBuildFile; fileRef = 6F63670F2A22C4920005874D /* TakerTicket.swift */; };
		6F6367122A22CB830005874D /* TakerMapView.swift in Sources */ = {isa = PBXBuildFile; fileRef = 6F6367112A22CB830005874D /* TakerMapView.swift */; };
/* End PBXBuildFile section */

/* Begin PBXFileReference section */
		6F5F526D2A22CDC7006D2631 /* TakerHistoryView.swift */ = {isa = PBXFileReference; lastKnownFileType = sourcecode.swift; path = TakerHistoryView.swift; sourceTree = "<group>"; };
		6F5F526F2A22CF76006D2631 /* OnboardingTabsView.swift */ = {isa = PBXFileReference; lastKnownFileType = sourcecode.swift; path = OnboardingTabsView.swift; sourceTree = "<group>"; };
		6F5F52712A22D3F9006D2631 /* AuthScreen.swift */ = {isa = PBXFileReference; lastKnownFileType = sourcecode.swift; path = AuthScreen.swift; sourceTree = "<group>"; };
		6F5F52732A22FD14006D2631 /* VerifyOTPTakerView.swift */ = {isa = PBXFileReference; lastKnownFileType = sourcecode.swift; path = VerifyOTPTakerView.swift; sourceTree = "<group>"; };
		6F6366D52A2222BB0005874D /* FoodNet.app */ = {isa = PBXFileReference; explicitFileType = wrapper.application; includeInIndex = 0; path = FoodNet.app; sourceTree = BUILT_PRODUCTS_DIR; };
		6F6366D82A2222BB0005874D /* FoodNetApp.swift */ = {isa = PBXFileReference; lastKnownFileType = sourcecode.swift; path = FoodNetApp.swift; sourceTree = "<group>"; };
		6F6366DA2A2222BB0005874D /* ContentView.swift */ = {isa = PBXFileReference; lastKnownFileType = sourcecode.swift; path = ContentView.swift; sourceTree = "<group>"; };
		6F6366DC2A2222BC0005874D /* Assets.xcassets */ = {isa = PBXFileReference; lastKnownFileType = folder.assetcatalog; path = Assets.xcassets; sourceTree = "<group>"; };
		6F6366DF2A2222BC0005874D /* Preview Assets.xcassets */ = {isa = PBXFileReference; lastKnownFileType = folder.assetcatalog; path = "Preview Assets.xcassets"; sourceTree = "<group>"; };
		6F6366E82A22248D0005874D /* CreateAccountView.swift */ = {isa = PBXFileReference; lastKnownFileType = sourcecode.swift; path = CreateAccountView.swift; sourceTree = "<group>"; };
		6F6366EA2A22249B0005874D /* VerifyOTPView.swift */ = {isa = PBXFileReference; lastKnownFileType = sourcecode.swift; path = VerifyOTPView.swift; sourceTree = "<group>"; };
		6F6366EC2A2226B80005874D /* Helper Views.swift */ = {isa = PBXFileReference; lastKnownFileType = sourcecode.swift; path = "Helper Views.swift"; sourceTree = "<group>"; };
		6F6366EE2A223C670005874D /* OnboardingView.swift */ = {isa = PBXFileReference; lastKnownFileType = sourcecode.swift; path = OnboardingView.swift; sourceTree = "<group>"; };
		6F6366F02A223E6B0005874D /* OnboardingView2.swift */ = {isa = PBXFileReference; lastKnownFileType = sourcecode.swift; path = OnboardingView2.swift; sourceTree = "<group>"; };
		6F6366F32A223F570005874D /* PatronHomeScreen.swift */ = {isa = PBXFileReference; lastKnownFileType = sourcecode.swift; path = PatronHomeScreen.swift; sourceTree = "<group>"; };
		6F6366F52A2256DE0005874D /* HomeScreen.swift */ = {isa = PBXFileReference; lastKnownFileType = sourcecode.swift; path = HomeScreen.swift; sourceTree = "<group>"; };
		6F6366F72A2256F50005874D /* ProgressView.swift */ = {isa = PBXFileReference; lastKnownFileType = sourcecode.swift; path = ProgressView.swift; sourceTree = "<group>"; };
		6F6366F92A22697E0005874D /* ProgressDetailView.swift */ = {isa = PBXFileReference; lastKnownFileType = sourcecode.swift; path = ProgressDetailView.swift; sourceTree = "<group>"; };
		6F6366FB2A226F7A0005874D /* MapView.swift */ = {isa = PBXFileReference; lastKnownFileType = sourcecode.swift; path = MapView.swift; sourceTree = "<group>"; };
		6F6366FD2A22727D0005874D /* SuccessPageView.swift */ = {isa = PBXFileReference; lastKnownFileType = sourcecode.swift; path = SuccessPageView.swift; sourceTree = "<group>"; };
		6F6366FF2A228A8B0005874D /* EarthView.swift */ = {isa = PBXFileReference; lastKnownFileType = sourcecode.swift; path = EarthView.swift; sourceTree = "<group>"; };
		6F6367012A2290330005874D /* TicketDetailView.swift */ = {isa = PBXFileReference; lastKnownFileType = sourcecode.swift; path = TicketDetailView.swift; sourceTree = "<group>"; };
		6F6367052A2298490005874D /* TicketTabView.swift */ = {isa = PBXFileReference; lastKnownFileType = sourcecode.swift; path = TicketTabView.swift; sourceTree = "<group>"; };
		6F6367072A2299DA0005874D /* PastOrdersView.swift */ = {isa = PBXFileReference; lastKnownFileType = sourcecode.swift; path = PastOrdersView.swift; sourceTree = "<group>"; };
		6F63670A2A22AEB80005874D /* HomeScreenTakerView.swift */ = {isa = PBXFileReference; lastKnownFileType = sourcecode.swift; path = HomeScreenTakerView.swift; sourceTree = "<group>"; };
		6F63670D2A22B6F70005874D /* ViewModel.swift */ = {isa = PBXFileReference; lastKnownFileType = sourcecode.swift; path = ViewModel.swift; sourceTree = "<group>"; };
		6F63670F2A22C4920005874D /* TakerTicket.swift */ = {isa = PBXFileReference; lastKnownFileType = sourcecode.swift; path = TakerTicket.swift; sourceTree = "<group>"; };
		6F6367112A22CB830005874D /* TakerMapView.swift */ = {isa = PBXFileReference; lastKnownFileType = sourcecode.swift; path = TakerMapView.swift; sourceTree = "<group>"; };
/* End PBXFileReference section */

/* Begin PBXFrameworksBuildPhase section */
		6F6366D22A2222BB0005874D /* Frameworks */ = {
			isa = PBXFrameworksBuildPhase;
			buildActionMask = 2147483647;
			files = (
			);
			runOnlyForDeploymentPostprocessing = 0;
		};
/* End PBXFrameworksBuildPhase section */

/* Begin PBXGroup section */
		6F6366CC2A2222BB0005874D = {
			isa = PBXGroup;
			children = (
				6F6366D72A2222BB0005874D /* FoodNet */,
				6F6366D62A2222BB0005874D /* Products */,
			);
			sourceTree = "<group>";
		};
		6F6366D62A2222BB0005874D /* Products */ = {
			isa = PBXGroup;
			children = (
				6F6366D52A2222BB0005874D /* FoodNet.app */,
			);
			name = Products;
			sourceTree = "<group>";
		};
		6F6366D72A2222BB0005874D /* FoodNet */ = {
			isa = PBXGroup;
			children = (
				6F6366D82A2222BB0005874D /* FoodNetApp.swift */,
				6F6366DA2A2222BB0005874D /* ContentView.swift */,
				6F5F526F2A22CF76006D2631 /* OnboardingTabsView.swift */,
				6F5F52712A22D3F9006D2631 /* AuthScreen.swift */,
				6F6366E62A2222F70005874D /* Screens */,
				6F6366EC2A2226B80005874D /* Helper Views.swift */,
				6F6366DC2A2222BC0005874D /* Assets.xcassets */,
				6F6366DE2A2222BC0005874D /* Preview Content */,
			);
			path = FoodNet;
			sourceTree = "<group>";
		};
		6F6366DE2A2222BC0005874D /* Preview Content */ = {
			isa = PBXGroup;
			children = (
				6F6366DF2A2222BC0005874D /* Preview Assets.xcassets */,
			);
			path = "Preview Content";
			sourceTree = "<group>";
		};
		6F6366E62A2222F70005874D /* Screens */ = {
			isa = PBXGroup;
			children = (
				6F63670C2A22B6BD0005874D /* ViewModel */,
				6F6367092A22AE9A0005874D /* Taker */,
				6F6366F22A223F3D0005874D /* Patron */,
				6F6366E72A2223130005874D /* Authentication */,
			);
			path = Screens;
			sourceTree = "<group>";
		};
		6F6366E72A2223130005874D /* Authentication */ = {
			isa = PBXGroup;
			children = (
				6F6366EE2A223C670005874D /* OnboardingView.swift */,
				6F6366F02A223E6B0005874D /* OnboardingView2.swift */,
				6F6366E82A22248D0005874D /* CreateAccountView.swift */,
				6F6366EA2A22249B0005874D /* VerifyOTPView.swift */,
			);
			path = Authentication;
			sourceTree = "<group>";
		};
		6F6366F22A223F3D0005874D /* Patron */ = {
			isa = PBXGroup;
			children = (
				6F6366F52A2256DE0005874D /* HomeScreen.swift */,
				6F6366F32A223F570005874D /* PatronHomeScreen.swift */,
				6F6366F72A2256F50005874D /* ProgressView.swift */,
				6F6366F92A22697E0005874D /* ProgressDetailView.swift */,
				6F6366FB2A226F7A0005874D /* MapView.swift */,
				6F6366FD2A22727D0005874D /* SuccessPageView.swift */,
				6F6366FF2A228A8B0005874D /* EarthView.swift */,
				6F6367012A2290330005874D /* TicketDetailView.swift */,
				6F6367052A2298490005874D /* TicketTabView.swift */,
				6F6367072A2299DA0005874D /* PastOrdersView.swift */,
			);
			path = Patron;
			sourceTree = "<group>";
		};
		6F6367092A22AE9A0005874D /* Taker */ = {
			isa = PBXGroup;
			children = (
				6F63670A2A22AEB80005874D /* HomeScreenTakerView.swift */,
				6F63670F2A22C4920005874D /* TakerTicket.swift */,
				6F6367112A22CB830005874D /* TakerMapView.swift */,
				6F5F526D2A22CDC7006D2631 /* TakerHistoryView.swift */,
				6F5F52732A22FD14006D2631 /* VerifyOTPTakerView.swift */,
			);
			path = Taker;
			sourceTree = "<group>";
		};
		6F63670C2A22B6BD0005874D /* ViewModel */ = {
			isa = PBXGroup;
			children = (
				6F63670D2A22B6F70005874D /* ViewModel.swift */,
			);
			path = ViewModel;
			sourceTree = "<group>";
		};
/* End PBXGroup section */

/* Begin PBXNativeTarget section */
		6F6366D42A2222BB0005874D /* FoodNet */ = {
			isa = PBXNativeTarget;
			buildConfigurationList = 6F6366E32A2222BC0005874D /* Build configuration list for PBXNativeTarget "FoodNet" */;
			buildPhases = (
				6F6366D12A2222BB0005874D /* Sources */,
				6F6366D22A2222BB0005874D /* Frameworks */,
				6F6366D32A2222BB0005874D /* Resources */,
			);
			buildRules = (
			);
			dependencies = (
			);
			name = FoodNet;
			productName = FoodNet;
			productReference = 6F6366D52A2222BB0005874D /* FoodNet.app */;
			productType = "com.apple.product-type.application";
		};
/* End PBXNativeTarget section */

/* Begin PBXProject section */
		6F6366CD2A2222BB0005874D /* Project object */ = {
			isa = PBXProject;
			attributes = {
				BuildIndependentTargetsInParallel = 1;
				LastSwiftUpdateCheck = 1430;
				LastUpgradeCheck = 1430;
				TargetAttributes = {
					6F6366D42A2222BB0005874D = {
						CreatedOnToolsVersion = 14.3;
					};
				};
			};
			buildConfigurationList = 6F6366D02A2222BB0005874D /* Build configuration list for PBXProject "FoodNet" */;
			compatibilityVersion = "Xcode 14.0";
			developmentRegion = en;
			hasScannedForEncodings = 0;
			knownRegions = (
				en,
				Base,
			);
			mainGroup = 6F6366CC2A2222BB0005874D;
			productRefGroup = 6F6366D62A2222BB0005874D /* Products */;
			projectDirPath = "";
			projectRoot = "";
			targets = (
				6F6366D42A2222BB0005874D /* FoodNet */,
			);
		};
/* End PBXProject section */

/* Begin PBXResourcesBuildPhase section */
		6F6366D32A2222BB0005874D /* Resources */ = {
			isa = PBXResourcesBuildPhase;
			buildActionMask = 2147483647;
			files = (
				6F6366E02A2222BC0005874D /* Preview Assets.xcassets in Resources */,
				6F6366DD2A2222BC0005874D /* Assets.xcassets in Resources */,
			);
			runOnlyForDeploymentPostprocessing = 0;
		};
/* End PBXResourcesBuildPhase section */

/* Begin PBXSourcesBuildPhase section */
		6F6366D12A2222BB0005874D /* Sources */ = {
			isa = PBXSourcesBuildPhase;
			buildActionMask = 2147483647;
			files = (
				6F6366E92A22248D0005874D /* CreateAccountView.swift in Sources */,
				6F6366EB2A22249B0005874D /* VerifyOTPView.swift in Sources */,
				6F6366FA2A22697E0005874D /* ProgressDetailView.swift in Sources */,
				6F5F52702A22CF76006D2631 /* OnboardingTabsView.swift in Sources */,
				6F6366DB2A2222BB0005874D /* ContentView.swift in Sources */,
				6F5F52722A22D3F9006D2631 /* AuthScreen.swift in Sources */,
				6F6367062A2298490005874D /* TicketTabView.swift in Sources */,
				6F6366FC2A226F7A0005874D /* MapView.swift in Sources */,
				6F6366EF2A223C670005874D /* OnboardingView.swift in Sources */,
				6F6366ED2A2226B80005874D /* Helper Views.swift in Sources */,
				6F5F52742A22FD14006D2631 /* VerifyOTPTakerView.swift in Sources */,
				6F6366F62A2256DE0005874D /* HomeScreen.swift in Sources */,
				6F6367022A2290330005874D /* TicketDetailView.swift in Sources */,
				6F6366F12A223E6B0005874D /* OnboardingView2.swift in Sources */,
				6F63670E2A22B6F70005874D /* ViewModel.swift in Sources */,
				6F6367002A228A8B0005874D /* EarthView.swift in Sources */,
				6F6366F82A2256F50005874D /* ProgressView.swift in Sources */,
				6F6366F42A223F570005874D /* PatronHomeScreen.swift in Sources */,
				6F6367122A22CB830005874D /* TakerMapView.swift in Sources */,
				6F6367102A22C4920005874D /* TakerTicket.swift in Sources */,
				6F6366D92A2222BB0005874D /* FoodNetApp.swift in Sources */,
				6F63670B2A22AEB80005874D /* HomeScreenTakerView.swift in Sources */,
				6F6366FE2A22727D0005874D /* SuccessPageView.swift in Sources */,
				6F6367082A2299DA0005874D /* PastOrdersView.swift in Sources */,
				6F5F526E2A22CDC7006D2631 /* TakerHistoryView.swift in Sources */,
			);
			runOnlyForDeploymentPostprocessing = 0;
		};
/* End PBXSourcesBuildPhase section */

/* Begin XCBuildConfiguration section */
		6F6366E12A2222BC0005874D /* Debug */ = {
			isa = XCBuildConfiguration;
			buildSettings = {
				ALWAYS_SEARCH_USER_PATHS = NO;
				CLANG_ANALYZER_NONNULL = YES;
				CLANG_ANALYZER_NUMBER_OBJECT_CONVERSION = YES_AGGRESSIVE;
				CLANG_CXX_LANGUAGE_STANDARD = "gnu++20";
				CLANG_ENABLE_MODULES = YES;
				CLANG_ENABLE_OBJC_ARC = YES;
				CLANG_ENABLE_OBJC_WEAK = YES;
				CLANG_WARN_BLOCK_CAPTURE_AUTORELEASING = YES;
				CLANG_WARN_BOOL_CONVERSION = YES;
				CLANG_WARN_COMMA = YES;
				CLANG_WARN_CONSTANT_CONVERSION = YES;
				CLANG_WARN_DEPRECATED_OBJC_IMPLEMENTATIONS = YES;
				CLANG_WARN_DIRECT_OBJC_ISA_USAGE = YES_ERROR;
				CLANG_WARN_DOCUMENTATION_COMMENTS = YES;
				CLANG_WARN_EMPTY_BODY = YES;
				CLANG_WARN_ENUM_CONVERSION = YES;
				CLANG_WARN_INFINITE_RECURSION = YES;
				CLANG_WARN_INT_CONVERSION = YES;
				CLANG_WARN_NON_LITERAL_NULL_CONVERSION = YES;
				CLANG_WARN_OBJC_IMPLICIT_RETAIN_SELF = YES;
				CLANG_WARN_OBJC_LITERAL_CONVERSION = YES;
				CLANG_WARN_OBJC_ROOT_CLASS = YES_ERROR;
				CLANG_WARN_QUOTED_INCLUDE_IN_FRAMEWORK_HEADER = YES;
				CLANG_WARN_RANGE_LOOP_ANALYSIS = YES;
				CLANG_WARN_STRICT_PROTOTYPES = YES;
				CLANG_WARN_SUSPICIOUS_MOVE = YES;
				CLANG_WARN_UNGUARDED_AVAILABILITY = YES_AGGRESSIVE;
				CLANG_WARN_UNREACHABLE_CODE = YES;
				CLANG_WARN__DUPLICATE_METHOD_MATCH = YES;
				COPY_PHASE_STRIP = NO;
				DEBUG_INFORMATION_FORMAT = dwarf;
				ENABLE_STRICT_OBJC_MSGSEND = YES;
				ENABLE_TESTABILITY = YES;
				GCC_C_LANGUAGE_STANDARD = gnu11;
				GCC_DYNAMIC_NO_PIC = NO;
				GCC_NO_COMMON_BLOCKS = YES;
				GCC_OPTIMIZATION_LEVEL = 0;
				GCC_PREPROCESSOR_DEFINITIONS = (
					"DEBUG=1",
					"$(inherited)",
				);
				GCC_WARN_64_TO_32_BIT_CONVERSION = YES;
				GCC_WARN_ABOUT_RETURN_TYPE = YES_ERROR;
				GCC_WARN_UNDECLARED_SELECTOR = YES;
				GCC_WARN_UNINITIALIZED_AUTOS = YES_AGGRESSIVE;
				GCC_WARN_UNUSED_FUNCTION = YES;
				GCC_WARN_UNUSED_VARIABLE = YES;
				IPHONEOS_DEPLOYMENT_TARGET = 16.4;
				MTL_ENABLE_DEBUG_INFO = INCLUDE_SOURCE;
				MTL_FAST_MATH = YES;
				ONLY_ACTIVE_ARCH = YES;
				SDKROOT = iphoneos;
				SWIFT_ACTIVE_COMPILATION_CONDITIONS = DEBUG;
				SWIFT_OPTIMIZATION_LEVEL = "-Onone";
			};
			name = Debug;
		};
		6F6366E22A2222BC0005874D /* Release */ = {
			isa = XCBuildConfiguration;
			buildSettings = {
				ALWAYS_SEARCH_USER_PATHS = NO;
				CLANG_ANALYZER_NONNULL = YES;
				CLANG_ANALYZER_NUMBER_OBJECT_CONVERSION = YES_AGGRESSIVE;
				CLANG_CXX_LANGUAGE_STANDARD = "gnu++20";
				CLANG_ENABLE_MODULES = YES;
				CLANG_ENABLE_OBJC_ARC = YES;
				CLANG_ENABLE_OBJC_WEAK = YES;
				CLANG_WARN_BLOCK_CAPTURE_AUTORELEASING = YES;
				CLANG_WARN_BOOL_CONVERSION = YES;
				CLANG_WARN_COMMA = YES;
				CLANG_WARN_CONSTANT_CONVERSION = YES;
				CLANG_WARN_DEPRECATED_OBJC_IMPLEMENTATIONS = YES;
				CLANG_WARN_DIRECT_OBJC_ISA_USAGE = YES_ERROR;
				CLANG_WARN_DOCUMENTATION_COMMENTS = YES;
				CLANG_WARN_EMPTY_BODY = YES;
				CLANG_WARN_ENUM_CONVERSION = YES;
				CLANG_WARN_INFINITE_RECURSION = YES;
				CLANG_WARN_INT_CONVERSION = YES;
				CLANG_WARN_NON_LITERAL_NULL_CONVERSION = YES;
				CLANG_WARN_OBJC_IMPLICIT_RETAIN_SELF = YES;
				CLANG_WARN_OBJC_LITERAL_CONVERSION = YES;
				CLANG_WARN_OBJC_ROOT_CLASS = YES_ERROR;
				CLANG_WARN_QUOTED_INCLUDE_IN_FRAMEWORK_HEADER = YES;
				CLANG_WARN_RANGE_LOOP_ANALYSIS = YES;
				CLANG_WARN_STRICT_PROTOTYPES = YES;
				CLANG_WARN_SUSPICIOUS_MOVE = YES;
				CLANG_WARN_UNGUARDED_AVAILABILITY = YES_AGGRESSIVE;
				CLANG_WARN_UNREACHABLE_CODE = YES;
				CLANG_WARN__DUPLICATE_METHOD_MATCH = YES;
				COPY_PHASE_STRIP = NO;
				DEBUG_INFORMATION_FORMAT = "dwarf-with-dsym";
				ENABLE_NS_ASSERTIONS = NO;
				ENABLE_STRICT_OBJC_MSGSEND = YES;
				GCC_C_LANGUAGE_STANDARD = gnu11;
				GCC_NO_COMMON_BLOCKS = YES;
				GCC_WARN_64_TO_32_BIT_CONVERSION = YES;
				GCC_WARN_ABOUT_RETURN_TYPE = YES_ERROR;
				GCC_WARN_UNDECLARED_SELECTOR = YES;
				GCC_WARN_UNINITIALIZED_AUTOS = YES_AGGRESSIVE;
				GCC_WARN_UNUSED_FUNCTION = YES;
				GCC_WARN_UNUSED_VARIABLE = YES;
				IPHONEOS_DEPLOYMENT_TARGET = 16.4;
				MTL_ENABLE_DEBUG_INFO = NO;
				MTL_FAST_MATH = YES;
				SDKROOT = iphoneos;
				SWIFT_COMPILATION_MODE = wholemodule;
				SWIFT_OPTIMIZATION_LEVEL = "-O";
				VALIDATE_PRODUCT = YES;
			};
			name = Release;
		};
		6F6366E42A2222BC0005874D /* Debug */ = {
			isa = XCBuildConfiguration;
			buildSettings = {
				ASSETCATALOG_COMPILER_APPICON_NAME = AppIcon;
				ASSETCATALOG_COMPILER_GLOBAL_ACCENT_COLOR_NAME = AccentColor;
				CODE_SIGN_STYLE = Automatic;
				CURRENT_PROJECT_VERSION = 1;
				DEVELOPMENT_ASSET_PATHS = "\"FoodNet/Preview Content\"";
				DEVELOPMENT_TEAM = 8GF7CB6XP8;
				ENABLE_PREVIEWS = YES;
				GENERATE_INFOPLIST_FILE = YES;
				INFOPLIST_KEY_UIApplicationSceneManifest_Generation = YES;
				INFOPLIST_KEY_UIApplicationSupportsIndirectInputEvents = YES;
				INFOPLIST_KEY_UILaunchScreen_Generation = YES;
				INFOPLIST_KEY_UISupportedInterfaceOrientations_iPad = "UIInterfaceOrientationPortrait UIInterfaceOrientationPortraitUpsideDown UIInterfaceOrientationLandscapeLeft UIInterfaceOrientationLandscapeRight";
				INFOPLIST_KEY_UISupportedInterfaceOrientations_iPhone = "UIInterfaceOrientationPortrait UIInterfaceOrientationLandscapeLeft UIInterfaceOrientationLandscapeRight";
				LD_RUNPATH_SEARCH_PATHS = (
					"$(inherited)",
					"@executable_path/Frameworks",
				);
				MARKETING_VERSION = 1.0;
				PRODUCT_BUNDLE_IDENTIFIER = yashwanthi.manchala.FoodNet;
				PRODUCT_NAME = "$(TARGET_NAME)";
				SWIFT_EMIT_LOC_STRINGS = YES;
				SWIFT_VERSION = 5.0;
				TARGETED_DEVICE_FAMILY = "1,2";
			};
			name = Debug;
		};
		6F6366E52A2222BC0005874D /* Release */ = {
			isa = XCBuildConfiguration;
			buildSettings = {
				ASSETCATALOG_COMPILER_APPICON_NAME = AppIcon;
				ASSETCATALOG_COMPILER_GLOBAL_ACCENT_COLOR_NAME = AccentColor;
				CODE_SIGN_STYLE = Automatic;
				CURRENT_PROJECT_VERSION = 1;
				DEVELOPMENT_ASSET_PATHS = "\"FoodNet/Preview Content\"";
				DEVELOPMENT_TEAM = 8GF7CB6XP8;
				ENABLE_PREVIEWS = YES;
				GENERATE_INFOPLIST_FILE = YES;
				INFOPLIST_KEY_UIApplicationSceneManifest_Generation = YES;
				INFOPLIST_KEY_UIApplicationSupportsIndirectInputEvents = YES;
				INFOPLIST_KEY_UILaunchScreen_Generation = YES;
				INFOPLIST_KEY_UISupportedInterfaceOrientations_iPad = "UIInterfaceOrientationPortrait UIInterfaceOrientationPortraitUpsideDown UIInterfaceOrientationLandscapeLeft UIInterfaceOrientationLandscapeRight";
				INFOPLIST_KEY_UISupportedInterfaceOrientations_iPhone = "UIInterfaceOrientationPortrait UIInterfaceOrientationLandscapeLeft UIInterfaceOrientationLandscapeRight";
				LD_RUNPATH_SEARCH_PATHS = (
					"$(inherited)",
					"@executable_path/Frameworks",
				);
				MARKETING_VERSION = 1.0;
				PRODUCT_BUNDLE_IDENTIFIER = yashwanthi.manchala.FoodNet;
				PRODUCT_NAME = "$(TARGET_NAME)";
				SWIFT_EMIT_LOC_STRINGS = YES;
				SWIFT_VERSION = 5.0;
				TARGETED_DEVICE_FAMILY = "1,2";
			};
			name = Release;
		};
/* End XCBuildConfiguration section */

/* Begin XCConfigurationList section */
		6F6366D02A2222BB0005874D /* Build configuration list for PBXProject "FoodNet" */ = {
			isa = XCConfigurationList;
			buildConfigurations = (
				6F6366E12A2222BC0005874D /* Debug */,
				6F6366E22A2222BC0005874D /* Release */,
			);
			defaultConfigurationIsVisible = 0;
			defaultConfigurationName = Release;
		};
		6F6366E32A2222BC0005874D /* Build configuration list for PBXNativeTarget "FoodNet" */ = {
			isa = XCConfigurationList;
			buildConfigurations = (
				6F6366E42A2222BC0005874D /* Debug */,
				6F6366E52A2222BC0005874D /* Release */,
			);
			defaultConfigurationIsVisible = 0;
			defaultConfigurationName = Release;
		};
/* End XCConfigurationList section */
	};
	rootObject = 6F6366CD2A2222BB0005874D /* Project object */;
}
